// !$*UTF8*$!
{
	archiveVersion = 1;
	classes = {
	};
	objectVersion = 56;
	objects = {

/* Begin PBXBuildFile section */
		8341A7102B73964300E1CAAF /* Lottie in Frameworks */ = {isa = PBXBuildFile; productRef = 8341A70F2B73964300E1CAAF /* Lottie */; };
		8341A7132B739F5200E1CAAF /* search.json in Resources */ = {isa = PBXBuildFile; fileRef = 8341A7122B739F5200E1CAAF /* search.json */; };
		8341A7152B739F5800E1CAAF /* searchError.json in Resources */ = {isa = PBXBuildFile; fileRef = 8341A7142B739F5800E1CAAF /* searchError.json */; };
		8341A7172B73B96D00E1CAAF /* Movie.swift in Sources */ = {isa = PBXBuildFile; fileRef = 8341A7162B73B96D00E1CAAF /* Movie.swift */; };
		8341A7192B73B9D300E1CAAF /* NetworkService.swift in Sources */ = {isa = PBXBuildFile; fileRef = 8341A7182B73B9D300E1CAAF /* NetworkService.swift */; };
		8341A71B2B73B9DC00E1CAAF /* Endpoint.swift in Sources */ = {isa = PBXBuildFile; fileRef = 8341A71A2B73B9DC00E1CAAF /* Endpoint.swift */; };
		8341A71D2B73BAC100E1CAAF /* MovieError.swift in Sources */ = {isa = PBXBuildFile; fileRef = 8341A71C2B73BAC100E1CAAF /* MovieError.swift */; };
		8346B97D2B72B2C60021A40D /* AppDelegate.swift in Sources */ = {isa = PBXBuildFile; fileRef = 8346B97C2B72B2C60021A40D /* AppDelegate.swift */; };
		8346B9842B72B2C60021A40D /* Main.storyboard in Resources */ = {isa = PBXBuildFile; fileRef = 8346B9822B72B2C60021A40D /* Main.storyboard */; };
		8346B9862B72B2C90021A40D /* Assets.xcassets in Resources */ = {isa = PBXBuildFile; fileRef = 8346B9852B72B2C90021A40D /* Assets.xcassets */; };
		8346B9892B72B2C90021A40D /* LaunchScreen.storyboard in Resources */ = {isa = PBXBuildFile; fileRef = 8346B9872B72B2C90021A40D /* LaunchScreen.storyboard */; };
		8346B9982B72B5430021A40D /* Reachability.swift in Sources */ = {isa = PBXBuildFile; fileRef = 8346B9972B72B5430021A40D /* Reachability.swift */; };
		8346B99D2B72B63C0021A40D /* PrepareVC.swift in Sources */ = {isa = PBXBuildFile; fileRef = 8346B99C2B72B63C0021A40D /* PrepareVC.swift */; };
		8346B99F2B72BF570021A40D /* UIViewController+Ext.swift in Sources */ = {isa = PBXBuildFile; fileRef = 8346B99E2B72BF570021A40D /* UIViewController+Ext.swift */; };
		8346B9A22B72C34F0021A40D /* HomeVC.swift in Sources */ = {isa = PBXBuildFile; fileRef = 8346B9A12B72C34F0021A40D /* HomeVC.swift */; };
		8346B9A52B72C4BE0021A40D /* BaseVC.swift in Sources */ = {isa = PBXBuildFile; fileRef = 8346B9A42B72C4BE0021A40D /* BaseVC.swift */; };
		8346B9A72B72C4D10021A40D /* BaseViewModel.swift in Sources */ = {isa = PBXBuildFile; fileRef = 8346B9A62B72C4D10021A40D /* BaseViewModel.swift */; };
		8346B9A92B72C6C20021A40D /* HomeViewModel.swift in Sources */ = {isa = PBXBuildFile; fileRef = 8346B9A82B72C6C20021A40D /* HomeViewModel.swift */; };
		8346B9B02B72C8890021A40D /* RxCocoa in Frameworks */ = {isa = PBXBuildFile; productRef = 8346B9AF2B72C8890021A40D /* RxCocoa */; };
		8346B9B72B72C8AB0021A40D /* RxSwift in Frameworks */ = {isa = PBXBuildFile; productRef = 8346B9B62B72C8AB0021A40D /* RxSwift */; };
		83A3F0A52B82597D00BF9AD8 /* TabbarVC.swift in Sources */ = {isa = PBXBuildFile; fileRef = 83A3F0A42B82597D00BF9AD8 /* TabbarVC.swift */; };
		83A3F0A82B825A7A00BF9AD8 /* FavoriteVC.swift in Sources */ = {isa = PBXBuildFile; fileRef = 83A3F0A72B825A7A00BF9AD8 /* FavoriteVC.swift */; };
		83A3F0AA2B825A8800BF9AD8 /* FavotireViewModel.swift in Sources */ = {isa = PBXBuildFile; fileRef = 83A3F0A92B825A8800BF9AD8 /* FavotireViewModel.swift */; };
		83A84B942B75341D00AA6126 /* UITableView+Ext.swift in Sources */ = {isa = PBXBuildFile; fileRef = 83A84B932B75341D00AA6126 /* UITableView+Ext.swift */; };
		83B8A0BB2B73E989000B7AB2 /* MovieTableViewCell.xib in Resources */ = {isa = PBXBuildFile; fileRef = 83B8A0BA2B73E989000B7AB2 /* MovieTableViewCell.xib */; };
		83B8A0BD2B73E990000B7AB2 /* MovieTableViewCell.swift in Sources */ = {isa = PBXBuildFile; fileRef = 83B8A0BC2B73E990000B7AB2 /* MovieTableViewCell.swift */; };
		83B8A0C02B7410C1000B7AB2 /* Kingfisher in Frameworks */ = {isa = PBXBuildFile; productRef = 83B8A0BF2B7410C1000B7AB2 /* Kingfisher */; };
		83B8A0C32B7414F7000B7AB2 /* MovieDetailVC.swift in Sources */ = {isa = PBXBuildFile; fileRef = 83B8A0C22B7414F7000B7AB2 /* MovieDetailVC.swift */; };
		83B8A0C52B741527000B7AB2 /* MovieDetailViewModel.swift in Sources */ = {isa = PBXBuildFile; fileRef = 83B8A0C42B741527000B7AB2 /* MovieDetailViewModel.swift */; };
		83CD35202B79F93800C78B54 /* UIView+Ext.swift in Sources */ = {isa = PBXBuildFile; fileRef = 83CD351F2B79F93800C78B54 /* UIView+Ext.swift */; };
		83CD35232B7A056D00C78B54 /* UITextField+Ext.swift in Sources */ = {isa = PBXBuildFile; fileRef = 83CD35222B7A056D00C78B54 /* UITextField+Ext.swift */; };
		83CD35252B7A0A7100C78B54 /* LoginVC.swift in Sources */ = {isa = PBXBuildFile; fileRef = 83CD35242B7A0A7100C78B54 /* LoginVC.swift */; };
		83CD35282B7A243400C78B54 /* ForgotPasswordVC.swift in Sources */ = {isa = PBXBuildFile; fileRef = 83CD35272B7A243400C78B54 /* ForgotPasswordVC.swift */; };
		83CD352A2B7A3E9E00C78B54 /* LoginViewModel.swift in Sources */ = {isa = PBXBuildFile; fileRef = 83CD35292B7A3E9E00C78B54 /* LoginViewModel.swift */; };
		83CD352C2B7A442500C78B54 /* RegisterViewModel.swift in Sources */ = {isa = PBXBuildFile; fileRef = 83CD352B2B7A442500C78B54 /* RegisterViewModel.swift */; };
		83CD352E2B7A447700C78B54 /* ForgotPasswordVM.swift in Sources */ = {isa = PBXBuildFile; fileRef = 83CD352D2B7A447700C78B54 /* ForgotPasswordVM.swift */; };
		83CD35322B7A48A400C78B54 /* String+Ext.swift in Sources */ = {isa = PBXBuildFile; fileRef = 83CD35312B7A48A400C78B54 /* String+Ext.swift */; };
		83CD35342B7A551E00C78B54 /* FirebaseAuthManager.swift in Sources */ = {isa = PBXBuildFile; fileRef = 83CD35332B7A551E00C78B54 /* FirebaseAuthManager.swift */; };
		83CD35412B7A561700C78B54 /* FirebaseAuth in Frameworks */ = {isa = PBXBuildFile; productRef = 83CD35402B7A561700C78B54 /* FirebaseAuth */; };
		83CD35432B7A561700C78B54 /* FirebaseFirestore in Frameworks */ = {isa = PBXBuildFile; productRef = 83CD35422B7A561700C78B54 /* FirebaseFirestore */; };
		83CD35452B7A563E00C78B54 /* ApplicationVariables.swift in Sources */ = {isa = PBXBuildFile; fileRef = 83CD35442B7A563E00C78B54 /* ApplicationVariables.swift */; };
		83CD35492B7A56EE00C78B54 /* FirestoreService.swift in Sources */ = {isa = PBXBuildFile; fileRef = 83CD35482B7A56EE00C78B54 /* FirestoreService.swift */; };
		83CD354B2B7A8FA100C78B54 /* GoogleService-Info.plist in Resources */ = {isa = PBXBuildFile; fileRef = 83CD354A2B7A8FA100C78B54 /* GoogleService-Info.plist */; };
		83CD354E2B7A98F300C78B54 /* Agbalumo-Regular.ttf in Resources */ = {isa = PBXBuildFile; fileRef = 83CD354D2B7A98F300C78B54 /* Agbalumo-Regular.ttf */; };
		83CD35502B7AA29300C78B54 /* HomeNavigationController.swift in Sources */ = {isa = PBXBuildFile; fileRef = 83CD354F2B7AA29300C78B54 /* HomeNavigationController.swift */; };
		83DE3E042B72D3A300C5CB83 /* UIEmptyView.swift in Sources */ = {isa = PBXBuildFile; fileRef = 83DE3E032B72D3A300C5CB83 /* UIEmptyView.swift */; };
		83DE3E062B72D3DA00C5CB83 /* UIEmptyView.xib in Resources */ = {isa = PBXBuildFile; fileRef = 83DE3E052B72D3DA00C5CB83 /* UIEmptyView.xib */; };
		83F88A882B78FF8100DF02A7 /* RegisterVC.swift in Sources */ = {isa = PBXBuildFile; fileRef = 83F88A872B78FF8100DF02A7 /* RegisterVC.swift */; };
/* End PBXBuildFile section */

/* Begin PBXFileReference section */
		8341A7122B739F5200E1CAAF /* search.json */ = {isa = PBXFileReference; fileEncoding = 4; lastKnownFileType = text.json; path = search.json; sourceTree = "<group>"; };
		8341A7142B739F5800E1CAAF /* searchError.json */ = {isa = PBXFileReference; fileEncoding = 4; lastKnownFileType = text.json; path = searchError.json; sourceTree = "<group>"; };
		8341A7162B73B96D00E1CAAF /* Movie.swift */ = {isa = PBXFileReference; lastKnownFileType = sourcecode.swift; path = Movie.swift; sourceTree = "<group>"; };
		8341A7182B73B9D300E1CAAF /* NetworkService.swift */ = {isa = PBXFileReference; lastKnownFileType = sourcecode.swift; path = NetworkService.swift; sourceTree = "<group>"; };
		8341A71A2B73B9DC00E1CAAF /* Endpoint.swift */ = {isa = PBXFileReference; lastKnownFileType = sourcecode.swift; path = Endpoint.swift; sourceTree = "<group>"; };
		8341A71C2B73BAC100E1CAAF /* MovieError.swift */ = {isa = PBXFileReference; lastKnownFileType = sourcecode.swift; path = MovieError.swift; sourceTree = "<group>"; };
		8346B9792B72B2C60021A40D /* RxSwift-Tutorial.app */ = {isa = PBXFileReference; explicitFileType = wrapper.application; includeInIndex = 0; path = "RxSwift-Tutorial.app"; sourceTree = BUILT_PRODUCTS_DIR; };
		8346B97C2B72B2C60021A40D /* AppDelegate.swift */ = {isa = PBXFileReference; lastKnownFileType = sourcecode.swift; path = AppDelegate.swift; sourceTree = "<group>"; };
		8346B9832B72B2C60021A40D /* Base */ = {isa = PBXFileReference; lastKnownFileType = file.storyboard; name = Base; path = Base.lproj/Main.storyboard; sourceTree = "<group>"; };
		8346B9852B72B2C90021A40D /* Assets.xcassets */ = {isa = PBXFileReference; lastKnownFileType = folder.assetcatalog; path = Assets.xcassets; sourceTree = "<group>"; };
		8346B9882B72B2C90021A40D /* Base */ = {isa = PBXFileReference; lastKnownFileType = file.storyboard; name = Base; path = Base.lproj/LaunchScreen.storyboard; sourceTree = "<group>"; };
		8346B98A2B72B2C90021A40D /* Info.plist */ = {isa = PBXFileReference; lastKnownFileType = text.plist.xml; path = Info.plist; sourceTree = "<group>"; };
		8346B9972B72B5430021A40D /* Reachability.swift */ = {isa = PBXFileReference; lastKnownFileType = sourcecode.swift; path = Reachability.swift; sourceTree = "<group>"; };
		8346B99C2B72B63C0021A40D /* PrepareVC.swift */ = {isa = PBXFileReference; lastKnownFileType = sourcecode.swift; path = PrepareVC.swift; sourceTree = "<group>"; };
		8346B99E2B72BF570021A40D /* UIViewController+Ext.swift */ = {isa = PBXFileReference; lastKnownFileType = sourcecode.swift; path = "UIViewController+Ext.swift"; sourceTree = "<group>"; };
		8346B9A12B72C34F0021A40D /* HomeVC.swift */ = {isa = PBXFileReference; lastKnownFileType = sourcecode.swift; path = HomeVC.swift; sourceTree = "<group>"; };
		8346B9A42B72C4BE0021A40D /* BaseVC.swift */ = {isa = PBXFileReference; lastKnownFileType = sourcecode.swift; path = BaseVC.swift; sourceTree = "<group>"; };
		8346B9A62B72C4D10021A40D /* BaseViewModel.swift */ = {isa = PBXFileReference; lastKnownFileType = sourcecode.swift; path = BaseViewModel.swift; sourceTree = "<group>"; };
		8346B9A82B72C6C20021A40D /* HomeViewModel.swift */ = {isa = PBXFileReference; lastKnownFileType = sourcecode.swift; path = HomeViewModel.swift; sourceTree = "<group>"; };
		83A3F0A42B82597D00BF9AD8 /* TabbarVC.swift */ = {isa = PBXFileReference; lastKnownFileType = sourcecode.swift; path = TabbarVC.swift; sourceTree = "<group>"; };
		83A3F0A72B825A7A00BF9AD8 /* FavoriteVC.swift */ = {isa = PBXFileReference; lastKnownFileType = sourcecode.swift; path = FavoriteVC.swift; sourceTree = "<group>"; };
		83A3F0A92B825A8800BF9AD8 /* FavotireViewModel.swift */ = {isa = PBXFileReference; lastKnownFileType = sourcecode.swift; path = FavotireViewModel.swift; sourceTree = "<group>"; };
		83A84B932B75341D00AA6126 /* UITableView+Ext.swift */ = {isa = PBXFileReference; lastKnownFileType = sourcecode.swift; path = "UITableView+Ext.swift"; sourceTree = "<group>"; };
		83B8A0BA2B73E989000B7AB2 /* MovieTableViewCell.xib */ = {isa = PBXFileReference; lastKnownFileType = file.xib; path = MovieTableViewCell.xib; sourceTree = "<group>"; };
		83B8A0BC2B73E990000B7AB2 /* MovieTableViewCell.swift */ = {isa = PBXFileReference; lastKnownFileType = sourcecode.swift; path = MovieTableViewCell.swift; sourceTree = "<group>"; };
		83B8A0C22B7414F7000B7AB2 /* MovieDetailVC.swift */ = {isa = PBXFileReference; lastKnownFileType = sourcecode.swift; path = MovieDetailVC.swift; sourceTree = "<group>"; };
		83B8A0C42B741527000B7AB2 /* MovieDetailViewModel.swift */ = {isa = PBXFileReference; lastKnownFileType = sourcecode.swift; path = MovieDetailViewModel.swift; sourceTree = "<group>"; };
		83CD351F2B79F93800C78B54 /* UIView+Ext.swift */ = {isa = PBXFileReference; lastKnownFileType = sourcecode.swift; path = "UIView+Ext.swift"; sourceTree = "<group>"; };
		83CD35222B7A056D00C78B54 /* UITextField+Ext.swift */ = {isa = PBXFileReference; lastKnownFileType = sourcecode.swift; path = "UITextField+Ext.swift"; sourceTree = "<group>"; };
		83CD35242B7A0A7100C78B54 /* LoginVC.swift */ = {isa = PBXFileReference; lastKnownFileType = sourcecode.swift; path = LoginVC.swift; sourceTree = "<group>"; };
		83CD35272B7A243400C78B54 /* ForgotPasswordVC.swift */ = {isa = PBXFileReference; lastKnownFileType = sourcecode.swift; path = ForgotPasswordVC.swift; sourceTree = "<group>"; };
		83CD35292B7A3E9E00C78B54 /* LoginViewModel.swift */ = {isa = PBXFileReference; lastKnownFileType = sourcecode.swift; path = LoginViewModel.swift; sourceTree = "<group>"; };
		83CD352B2B7A442500C78B54 /* RegisterViewModel.swift */ = {isa = PBXFileReference; lastKnownFileType = sourcecode.swift; path = RegisterViewModel.swift; sourceTree = "<group>"; };
		83CD352D2B7A447700C78B54 /* ForgotPasswordVM.swift */ = {isa = PBXFileReference; lastKnownFileType = sourcecode.swift; path = ForgotPasswordVM.swift; sourceTree = "<group>"; };
		83CD35312B7A48A400C78B54 /* String+Ext.swift */ = {isa = PBXFileReference; lastKnownFileType = sourcecode.swift; path = "String+Ext.swift"; sourceTree = "<group>"; };
		83CD35332B7A551E00C78B54 /* FirebaseAuthManager.swift */ = {isa = PBXFileReference; lastKnownFileType = sourcecode.swift; path = FirebaseAuthManager.swift; sourceTree = "<group>"; };
		83CD35442B7A563E00C78B54 /* ApplicationVariables.swift */ = {isa = PBXFileReference; lastKnownFileType = sourcecode.swift; path = ApplicationVariables.swift; sourceTree = "<group>"; };
		83CD35482B7A56EE00C78B54 /* FirestoreService.swift */ = {isa = PBXFileReference; lastKnownFileType = sourcecode.swift; path = FirestoreService.swift; sourceTree = "<group>"; };
		83CD354A2B7A8FA100C78B54 /* GoogleService-Info.plist */ = {isa = PBXFileReference; fileEncoding = 4; lastKnownFileType = text.plist.xml; path = "GoogleService-Info.plist"; sourceTree = "<group>"; };
		83CD354D2B7A98F300C78B54 /* Agbalumo-Regular.ttf */ = {isa = PBXFileReference; lastKnownFileType = file; path = "Agbalumo-Regular.ttf"; sourceTree = "<group>"; };
		83CD354F2B7AA29300C78B54 /* HomeNavigationController.swift */ = {isa = PBXFileReference; lastKnownFileType = sourcecode.swift; path = HomeNavigationController.swift; sourceTree = "<group>"; };
		83DE3E032B72D3A300C5CB83 /* UIEmptyView.swift */ = {isa = PBXFileReference; lastKnownFileType = sourcecode.swift; path = UIEmptyView.swift; sourceTree = "<group>"; };
		83DE3E052B72D3DA00C5CB83 /* UIEmptyView.xib */ = {isa = PBXFileReference; lastKnownFileType = file.xib; path = UIEmptyView.xib; sourceTree = "<group>"; };
		83F88A872B78FF8100DF02A7 /* RegisterVC.swift */ = {isa = PBXFileReference; lastKnownFileType = sourcecode.swift; path = RegisterVC.swift; sourceTree = "<group>"; };
/* End PBXFileReference section */

/* Begin PBXFrameworksBuildPhase section */
		8346B9762B72B2C60021A40D /* Frameworks */ = {
			isa = PBXFrameworksBuildPhase;
			buildActionMask = 2147483647;
			files = (
				83B8A0C02B7410C1000B7AB2 /* Kingfisher in Frameworks */,
				83CD35412B7A561700C78B54 /* FirebaseAuth in Frameworks */,
				8346B9B72B72C8AB0021A40D /* RxSwift in Frameworks */,
				8346B9B02B72C8890021A40D /* RxCocoa in Frameworks */,
				8341A7102B73964300E1CAAF /* Lottie in Frameworks */,
				83CD35432B7A561700C78B54 /* FirebaseFirestore in Frameworks */,
			);
			runOnlyForDeploymentPostprocessing = 0;
		};
/* End PBXFrameworksBuildPhase section */

/* Begin PBXGroup section */
		8341A7112B739F4100E1CAAF /* Lottie */ = {
			isa = PBXGroup;
			children = (
				8341A7122B739F5200E1CAAF /* search.json */,
				8341A7142B739F5800E1CAAF /* searchError.json */,
			);
			path = Lottie;
			sourceTree = "<group>";
		};
		8346B9702B72B2C60021A40D = {
			isa = PBXGroup;
			children = (
				8346B97B2B72B2C60021A40D /* RxSwift-Tutorial */,
				8346B97A2B72B2C60021A40D /* Products */,
				8346B9B52B72C8AB0021A40D /* Frameworks */,
			);
			sourceTree = "<group>";
		};
		8346B97A2B72B2C60021A40D /* Products */ = {
			isa = PBXGroup;
			children = (
				8346B9792B72B2C60021A40D /* RxSwift-Tutorial.app */,
			);
			name = Products;
			sourceTree = "<group>";
		};
		8346B97B2B72B2C60021A40D /* RxSwift-Tutorial */ = {
			isa = PBXGroup;
			children = (
				8346B9952B72B4CC0021A40D /* Helpers */,
				8346B9942B72B49C0021A40D /* Network */,
				8346B9932B72B4950021A40D /* Model */,
				8346B9902B72B2DA0021A40D /* Storyboard */,
				8346B9912B72B47F0021A40D /* Screens */,
				8346B9922B72B48E0021A40D /* SupportingFiles */,
			);
			path = "RxSwift-Tutorial";
			sourceTree = "<group>";
		};
		8346B9902B72B2DA0021A40D /* Storyboard */ = {
			isa = PBXGroup;
			children = (
				8346B9822B72B2C60021A40D /* Main.storyboard */,
				8346B9872B72B2C90021A40D /* LaunchScreen.storyboard */,
			);
			path = Storyboard;
			sourceTree = "<group>";
		};
		8346B9912B72B47F0021A40D /* Screens */ = {
			isa = PBXGroup;
			children = (
				83F88A842B78F5E000DF02A7 /* Auth */,
				8346B9A32B72C4AD0021A40D /* Base */,
				8346B99B2B72B6300021A40D /* PrepareScene */,
				83A3F0A32B82590300BF9AD8 /* Tabbar */,
				8346B9A02B72C30E0021A40D /* HomeScene */,
				83B8A0C12B7414B1000B7AB2 /* MovieDetail */,
				83A3F0A62B825A4B00BF9AD8 /* Favorites */,
			);
			path = Screens;
			sourceTree = "<group>";
		};
		8346B9922B72B48E0021A40D /* SupportingFiles */ = {
			isa = PBXGroup;
			children = (
				83CD354A2B7A8FA100C78B54 /* GoogleService-Info.plist */,
				8346B97C2B72B2C60021A40D /* AppDelegate.swift */,
				8346B9852B72B2C90021A40D /* Assets.xcassets */,
				8346B98A2B72B2C90021A40D /* Info.plist */,
			);
			path = SupportingFiles;
			sourceTree = "<group>";
		};
		8346B9932B72B4950021A40D /* Model */ = {
			isa = PBXGroup;
			children = (
				8341A7162B73B96D00E1CAAF /* Movie.swift */,
			);
			path = Model;
			sourceTree = "<group>";
		};
		8346B9942B72B49C0021A40D /* Network */ = {
			isa = PBXGroup;
			children = (
				83CD35462B7A56C800C78B54 /* Service */,
				83CD35472B7A56CD00C78B54 /* Manager */,
			);
			path = Network;
			sourceTree = "<group>";
		};
		8346B9952B72B4CC0021A40D /* Helpers */ = {
			isa = PBXGroup;
			children = (
				83CD354C2B7A98E900C78B54 /* Font */,
				8341A7112B739F4100E1CAAF /* Lottie */,
				8346B9962B72B5340021A40D /* Utils */,
				8346B9992B72B5840021A40D /* Extensions */,
				8346B99A2B72B58E0021A40D /* CustomComponents */,
			);
			path = Helpers;
			sourceTree = "<group>";
		};
		8346B9962B72B5340021A40D /* Utils */ = {
			isa = PBXGroup;
			children = (
				8346B9972B72B5430021A40D /* Reachability.swift */,
				83CD35442B7A563E00C78B54 /* ApplicationVariables.swift */,
			);
			path = Utils;
			sourceTree = "<group>";
		};
		8346B9992B72B5840021A40D /* Extensions */ = {
			isa = PBXGroup;
			children = (
				8346B99E2B72BF570021A40D /* UIViewController+Ext.swift */,
				83A84B932B75341D00AA6126 /* UITableView+Ext.swift */,
				83CD35222B7A056D00C78B54 /* UITextField+Ext.swift */,
				83CD351F2B79F93800C78B54 /* UIView+Ext.swift */,
				83CD35312B7A48A400C78B54 /* String+Ext.swift */,
				8341A71C2B73BAC100E1CAAF /* MovieError.swift */,
			);
			path = Extensions;
			sourceTree = "<group>";
		};
		8346B99A2B72B58E0021A40D /* CustomComponents */ = {
			isa = PBXGroup;
			children = (
				83B8A0B62B73E800000B7AB2 /* UIEmptyView */,
				83B8A0B72B73E808000B7AB2 /* MovieCell */,
			);
			path = CustomComponents;
			sourceTree = "<group>";
		};
		8346B99B2B72B6300021A40D /* PrepareScene */ = {
			isa = PBXGroup;
			children = (
				8346B99C2B72B63C0021A40D /* PrepareVC.swift */,
			);
			path = PrepareScene;
			sourceTree = "<group>";
		};
		8346B9A02B72C30E0021A40D /* HomeScene */ = {
			isa = PBXGroup;
			children = (
				8346B9A12B72C34F0021A40D /* HomeVC.swift */,
				8346B9A82B72C6C20021A40D /* HomeViewModel.swift */,
				83CD354F2B7AA29300C78B54 /* HomeNavigationController.swift */,
			);
			path = HomeScene;
			sourceTree = "<group>";
		};
		8346B9A32B72C4AD0021A40D /* Base */ = {
			isa = PBXGroup;
			children = (
				8346B9A42B72C4BE0021A40D /* BaseVC.swift */,
				8346B9A62B72C4D10021A40D /* BaseViewModel.swift */,
			);
			path = Base;
			sourceTree = "<group>";
		};
		8346B9B52B72C8AB0021A40D /* Frameworks */ = {
			isa = PBXGroup;
			children = (
			);
			name = Frameworks;
			sourceTree = "<group>";
		};
		83A3F0A32B82590300BF9AD8 /* Tabbar */ = {
			isa = PBXGroup;
			children = (
				83A3F0A42B82597D00BF9AD8 /* TabbarVC.swift */,
			);
			path = Tabbar;
			sourceTree = "<group>";
		};
		83A3F0A62B825A4B00BF9AD8 /* Favorites */ = {
			isa = PBXGroup;
			children = (
				83A3F0A72B825A7A00BF9AD8 /* FavoriteVC.swift */,
				83A3F0A92B825A8800BF9AD8 /* FavotireViewModel.swift */,
			);
			path = Favorites;
			sourceTree = "<group>";
		};
		83B8A0B62B73E800000B7AB2 /* UIEmptyView */ = {
			isa = PBXGroup;
			children = (
				83DE3E032B72D3A300C5CB83 /* UIEmptyView.swift */,
				83DE3E052B72D3DA00C5CB83 /* UIEmptyView.xib */,
			);
			path = UIEmptyView;
			sourceTree = "<group>";
		};
		83B8A0B72B73E808000B7AB2 /* MovieCell */ = {
			isa = PBXGroup;
			children = (
				83B8A0BA2B73E989000B7AB2 /* MovieTableViewCell.xib */,
				83B8A0BC2B73E990000B7AB2 /* MovieTableViewCell.swift */,
			);
			path = MovieCell;
			sourceTree = "<group>";
		};
		83B8A0C12B7414B1000B7AB2 /* MovieDetail */ = {
			isa = PBXGroup;
			children = (
				83B8A0C22B7414F7000B7AB2 /* MovieDetailVC.swift */,
				83B8A0C42B741527000B7AB2 /* MovieDetailViewModel.swift */,
			);
			path = MovieDetail;
			sourceTree = "<group>";
		};
		83CD35262B7A241200C78B54 /* ForgotPassword */ = {
			isa = PBXGroup;
			children = (
				83CD35272B7A243400C78B54 /* ForgotPasswordVC.swift */,
				83CD352D2B7A447700C78B54 /* ForgotPasswordVM.swift */,
			);
			path = ForgotPassword;
			sourceTree = "<group>";
		};
		83CD35462B7A56C800C78B54 /* Service */ = {
			isa = PBXGroup;
			children = (
				83CD35482B7A56EE00C78B54 /* FirestoreService.swift */,
				8341A7182B73B9D300E1CAAF /* NetworkService.swift */,
				8341A71A2B73B9DC00E1CAAF /* Endpoint.swift */,
			);
			path = Service;
			sourceTree = "<group>";
		};
		83CD35472B7A56CD00C78B54 /* Manager */ = {
			isa = PBXGroup;
			children = (
				83CD35332B7A551E00C78B54 /* FirebaseAuthManager.swift */,
			);
			path = Manager;
			sourceTree = "<group>";
		};
		83CD354C2B7A98E900C78B54 /* Font */ = {
			isa = PBXGroup;
			children = (
				83CD354D2B7A98F300C78B54 /* Agbalumo-Regular.ttf */,
			);
			path = Font;
			sourceTree = "<group>";
		};
		83F88A842B78F5E000DF02A7 /* Auth */ = {
			isa = PBXGroup;
			children = (
				83F88A852B78FB0D00DF02A7 /* Login */,
				83F88A862B78FB1000DF02A7 /* Register */,
				83CD35262B7A241200C78B54 /* ForgotPassword */,
			);
			path = Auth;
			sourceTree = "<group>";
		};
		83F88A852B78FB0D00DF02A7 /* Login */ = {
			isa = PBXGroup;
			children = (
				83CD35242B7A0A7100C78B54 /* LoginVC.swift */,
				83CD35292B7A3E9E00C78B54 /* LoginViewModel.swift */,
			);
			path = Login;
			sourceTree = "<group>";
		};
		83F88A862B78FB1000DF02A7 /* Register */ = {
			isa = PBXGroup;
			children = (
				83F88A872B78FF8100DF02A7 /* RegisterVC.swift */,
				83CD352B2B7A442500C78B54 /* RegisterViewModel.swift */,
			);
			path = Register;
			sourceTree = "<group>";
		};
/* End PBXGroup section */

/* Begin PBXNativeTarget section */
		8346B9782B72B2C60021A40D /* RxSwift-Tutorial */ = {
			isa = PBXNativeTarget;
			buildConfigurationList = 8346B98D2B72B2C90021A40D /* Build configuration list for PBXNativeTarget "RxSwift-Tutorial" */;
			buildPhases = (
				8346B9752B72B2C60021A40D /* Sources */,
				8346B9762B72B2C60021A40D /* Frameworks */,
				8346B9772B72B2C60021A40D /* Resources */,
			);
			buildRules = (
			);
			dependencies = (
			);
			name = "RxSwift-Tutorial";
			packageProductDependencies = (
				8346B9AF2B72C8890021A40D /* RxCocoa */,
				8346B9B62B72C8AB0021A40D /* RxSwift */,
				8341A70F2B73964300E1CAAF /* Lottie */,
				83B8A0BF2B7410C1000B7AB2 /* Kingfisher */,
				83CD35402B7A561700C78B54 /* FirebaseAuth */,
				83CD35422B7A561700C78B54 /* FirebaseFirestore */,
			);
			productName = "RxSwift-Tutorial";
			productReference = 8346B9792B72B2C60021A40D /* RxSwift-Tutorial.app */;
			productType = "com.apple.product-type.application";
		};
/* End PBXNativeTarget section */

/* Begin PBXProject section */
		8346B9712B72B2C60021A40D /* Project object */ = {
			isa = PBXProject;
			attributes = {
				BuildIndependentTargetsInParallel = 1;
				LastSwiftUpdateCheck = 1500;
				LastUpgradeCheck = 1500;
				TargetAttributes = {
					8346B9782B72B2C60021A40D = {
						CreatedOnToolsVersion = 15.0.1;
					};
				};
			};
			buildConfigurationList = 8346B9742B72B2C60021A40D /* Build configuration list for PBXProject "RxSwift-Tutorial" */;
			compatibilityVersion = "Xcode 14.0";
			developmentRegion = en;
			hasScannedForEncodings = 0;
			knownRegions = (
				en,
				Base,
			);
			mainGroup = 8346B9702B72B2C60021A40D;
			packageReferences = (
				8346B9AA2B72C8890021A40D /* XCRemoteSwiftPackageReference "RxSwift" */,
				8341A70E2B73964300E1CAAF /* XCRemoteSwiftPackageReference "lottie-ios" */,
				83B8A0BE2B7410C1000B7AB2 /* XCRemoteSwiftPackageReference "Kingfisher" */,
				83CD35352B7A55AC00C78B54 /* XCRemoteSwiftPackageReference "firebase-ios-sdk" */,
			);
			productRefGroup = 8346B97A2B72B2C60021A40D /* Products */;
			projectDirPath = "";
			projectRoot = "";
			targets = (
				8346B9782B72B2C60021A40D /* RxSwift-Tutorial */,
			);
		};
/* End PBXProject section */

/* Begin PBXResourcesBuildPhase section */
		8346B9772B72B2C60021A40D /* Resources */ = {
			isa = PBXResourcesBuildPhase;
			buildActionMask = 2147483647;
			files = (
				8341A7152B739F5800E1CAAF /* searchError.json in Resources */,
				83B8A0BB2B73E989000B7AB2 /* MovieTableViewCell.xib in Resources */,
				83DE3E062B72D3DA00C5CB83 /* UIEmptyView.xib in Resources */,
				83CD354B2B7A8FA100C78B54 /* GoogleService-Info.plist in Resources */,
				8346B9892B72B2C90021A40D /* LaunchScreen.storyboard in Resources */,
				83CD354E2B7A98F300C78B54 /* Agbalumo-Regular.ttf in Resources */,
				8341A7132B739F5200E1CAAF /* search.json in Resources */,
				8346B9862B72B2C90021A40D /* Assets.xcassets in Resources */,
				8346B9842B72B2C60021A40D /* Main.storyboard in Resources */,
			);
			runOnlyForDeploymentPostprocessing = 0;
		};
/* End PBXResourcesBuildPhase section */

/* Begin PBXSourcesBuildPhase section */
		8346B9752B72B2C60021A40D /* Sources */ = {
			isa = PBXSourcesBuildPhase;
			buildActionMask = 2147483647;
			files = (
				83CD352A2B7A3E9E00C78B54 /* LoginViewModel.swift in Sources */,
				8341A71D2B73BAC100E1CAAF /* MovieError.swift in Sources */,
				83CD35452B7A563E00C78B54 /* ApplicationVariables.swift in Sources */,
				83A84B942B75341D00AA6126 /* UITableView+Ext.swift in Sources */,
				83A3F0A82B825A7A00BF9AD8 /* FavoriteVC.swift in Sources */,
				83CD35342B7A551E00C78B54 /* FirebaseAuthManager.swift in Sources */,
				83CD35492B7A56EE00C78B54 /* FirestoreService.swift in Sources */,
				83CD35252B7A0A7100C78B54 /* LoginVC.swift in Sources */,
				8341A7192B73B9D300E1CAAF /* NetworkService.swift in Sources */,
				8341A7172B73B96D00E1CAAF /* Movie.swift in Sources */,
				8346B9982B72B5430021A40D /* Reachability.swift in Sources */,
				83CD35502B7AA29300C78B54 /* HomeNavigationController.swift in Sources */,
				83B8A0BD2B73E990000B7AB2 /* MovieTableViewCell.swift in Sources */,
				83CD35202B79F93800C78B54 /* UIView+Ext.swift in Sources */,
				83CD352E2B7A447700C78B54 /* ForgotPasswordVM.swift in Sources */,
				8346B9A52B72C4BE0021A40D /* BaseVC.swift in Sources */,
				8346B9A22B72C34F0021A40D /* HomeVC.swift in Sources */,
				83DE3E042B72D3A300C5CB83 /* UIEmptyView.swift in Sources */,
				83A3F0AA2B825A8800BF9AD8 /* FavotireViewModel.swift in Sources */,
				8346B9A92B72C6C20021A40D /* HomeViewModel.swift in Sources */,
				83CD35232B7A056D00C78B54 /* UITextField+Ext.swift in Sources */,
				83B8A0C32B7414F7000B7AB2 /* MovieDetailVC.swift in Sources */,
				83CD35322B7A48A400C78B54 /* String+Ext.swift in Sources */,
				83CD35282B7A243400C78B54 /* ForgotPasswordVC.swift in Sources */,
				8346B9A72B72C4D10021A40D /* BaseViewModel.swift in Sources */,
				8346B99D2B72B63C0021A40D /* PrepareVC.swift in Sources */,
				8346B99F2B72BF570021A40D /* UIViewController+Ext.swift in Sources */,
				83CD352C2B7A442500C78B54 /* RegisterViewModel.swift in Sources */,
				83A3F0A52B82597D00BF9AD8 /* TabbarVC.swift in Sources */,
				83B8A0C52B741527000B7AB2 /* MovieDetailViewModel.swift in Sources */,
				83F88A882B78FF8100DF02A7 /* RegisterVC.swift in Sources */,
				8341A71B2B73B9DC00E1CAAF /* Endpoint.swift in Sources */,
				8346B97D2B72B2C60021A40D /* AppDelegate.swift in Sources */,
			);
			runOnlyForDeploymentPostprocessing = 0;
		};
/* End PBXSourcesBuildPhase section */

/* Begin PBXVariantGroup section */
		8346B9822B72B2C60021A40D /* Main.storyboard */ = {
			isa = PBXVariantGroup;
			children = (
				8346B9832B72B2C60021A40D /* Base */,
			);
			name = Main.storyboard;
			sourceTree = "<group>";
		};
		8346B9872B72B2C90021A40D /* LaunchScreen.storyboard */ = {
			isa = PBXVariantGroup;
			children = (
				8346B9882B72B2C90021A40D /* Base */,
			);
			name = LaunchScreen.storyboard;
			sourceTree = "<group>";
		};
/* End PBXVariantGroup section */

/* Begin XCBuildConfiguration section */
		8346B98B2B72B2C90021A40D /* Debug */ = {
			isa = XCBuildConfiguration;
			buildSettings = {
				ALWAYS_SEARCH_USER_PATHS = NO;
				ASSETCATALOG_COMPILER_GENERATE_SWIFT_ASSET_SYMBOL_EXTENSIONS = YES;
				CLANG_ANALYZER_NONNULL = YES;
				CLANG_ANALYZER_NUMBER_OBJECT_CONVERSION = YES_AGGRESSIVE;
				CLANG_CXX_LANGUAGE_STANDARD = "gnu++20";
				CLANG_ENABLE_MODULES = YES;
				CLANG_ENABLE_OBJC_ARC = YES;
				CLANG_ENABLE_OBJC_WEAK = YES;
				CLANG_WARN_BLOCK_CAPTURE_AUTORELEASING = YES;
				CLANG_WARN_BOOL_CONVERSION = YES;
				CLANG_WARN_COMMA = YES;
				CLANG_WARN_CONSTANT_CONVERSION = YES;
				CLANG_WARN_DEPRECATED_OBJC_IMPLEMENTATIONS = YES;
				CLANG_WARN_DIRECT_OBJC_ISA_USAGE = YES_ERROR;
				CLANG_WARN_DOCUMENTATION_COMMENTS = YES;
				CLANG_WARN_EMPTY_BODY = YES;
				CLANG_WARN_ENUM_CONVERSION = YES;
				CLANG_WARN_INFINITE_RECURSION = YES;
				CLANG_WARN_INT_CONVERSION = YES;
				CLANG_WARN_NON_LITERAL_NULL_CONVERSION = YES;
				CLANG_WARN_OBJC_IMPLICIT_RETAIN_SELF = YES;
				CLANG_WARN_OBJC_LITERAL_CONVERSION = YES;
				CLANG_WARN_OBJC_ROOT_CLASS = YES_ERROR;
				CLANG_WARN_QUOTED_INCLUDE_IN_FRAMEWORK_HEADER = YES;
				CLANG_WARN_RANGE_LOOP_ANALYSIS = YES;
				CLANG_WARN_STRICT_PROTOTYPES = YES;
				CLANG_WARN_SUSPICIOUS_MOVE = YES;
				CLANG_WARN_UNGUARDED_AVAILABILITY = YES_AGGRESSIVE;
				CLANG_WARN_UNREACHABLE_CODE = YES;
				CLANG_WARN__DUPLICATE_METHOD_MATCH = YES;
				COPY_PHASE_STRIP = NO;
				DEBUG_INFORMATION_FORMAT = dwarf;
				ENABLE_STRICT_OBJC_MSGSEND = YES;
				ENABLE_TESTABILITY = YES;
				ENABLE_USER_SCRIPT_SANDBOXING = YES;
				GCC_C_LANGUAGE_STANDARD = gnu17;
				GCC_DYNAMIC_NO_PIC = NO;
				GCC_NO_COMMON_BLOCKS = YES;
				GCC_OPTIMIZATION_LEVEL = 0;
				GCC_PREPROCESSOR_DEFINITIONS = (
					"DEBUG=1",
					"$(inherited)",
				);
				GCC_WARN_64_TO_32_BIT_CONVERSION = YES;
				GCC_WARN_ABOUT_RETURN_TYPE = YES_ERROR;
				GCC_WARN_UNDECLARED_SELECTOR = YES;
				GCC_WARN_UNINITIALIZED_AUTOS = YES_AGGRESSIVE;
				GCC_WARN_UNUSED_FUNCTION = YES;
				GCC_WARN_UNUSED_VARIABLE = YES;
				IPHONEOS_DEPLOYMENT_TARGET = 17.0;
				LOCALIZATION_PREFERS_STRING_CATALOGS = YES;
				MTL_ENABLE_DEBUG_INFO = INCLUDE_SOURCE;
				MTL_FAST_MATH = YES;
				ONLY_ACTIVE_ARCH = YES;
				SDKROOT = iphoneos;
				SWIFT_ACTIVE_COMPILATION_CONDITIONS = "DEBUG $(inherited)";
				SWIFT_OPTIMIZATION_LEVEL = "-Onone";
			};
			name = Debug;
		};
		8346B98C2B72B2C90021A40D /* Release */ = {
			isa = XCBuildConfiguration;
			buildSettings = {
				ALWAYS_SEARCH_USER_PATHS = NO;
				ASSETCATALOG_COMPILER_GENERATE_SWIFT_ASSET_SYMBOL_EXTENSIONS = YES;
				CLANG_ANALYZER_NONNULL = YES;
				CLANG_ANALYZER_NUMBER_OBJECT_CONVERSION = YES_AGGRESSIVE;
				CLANG_CXX_LANGUAGE_STANDARD = "gnu++20";
				CLANG_ENABLE_MODULES = YES;
				CLANG_ENABLE_OBJC_ARC = YES;
				CLANG_ENABLE_OBJC_WEAK = YES;
				CLANG_WARN_BLOCK_CAPTURE_AUTORELEASING = YES;
				CLANG_WARN_BOOL_CONVERSION = YES;
				CLANG_WARN_COMMA = YES;
				CLANG_WARN_CONSTANT_CONVERSION = YES;
				CLANG_WARN_DEPRECATED_OBJC_IMPLEMENTATIONS = YES;
				CLANG_WARN_DIRECT_OBJC_ISA_USAGE = YES_ERROR;
				CLANG_WARN_DOCUMENTATION_COMMENTS = YES;
				CLANG_WARN_EMPTY_BODY = YES;
				CLANG_WARN_ENUM_CONVERSION = YES;
				CLANG_WARN_INFINITE_RECURSION = YES;
				CLANG_WARN_INT_CONVERSION = YES;
				CLANG_WARN_NON_LITERAL_NULL_CONVERSION = YES;
				CLANG_WARN_OBJC_IMPLICIT_RETAIN_SELF = YES;
				CLANG_WARN_OBJC_LITERAL_CONVERSION = YES;
				CLANG_WARN_OBJC_ROOT_CLASS = YES_ERROR;
				CLANG_WARN_QUOTED_INCLUDE_IN_FRAMEWORK_HEADER = YES;
				CLANG_WARN_RANGE_LOOP_ANALYSIS = YES;
				CLANG_WARN_STRICT_PROTOTYPES = YES;
				CLANG_WARN_SUSPICIOUS_MOVE = YES;
				CLANG_WARN_UNGUARDED_AVAILABILITY = YES_AGGRESSIVE;
				CLANG_WARN_UNREACHABLE_CODE = YES;
				CLANG_WARN__DUPLICATE_METHOD_MATCH = YES;
				COPY_PHASE_STRIP = NO;
				DEBUG_INFORMATION_FORMAT = "dwarf-with-dsym";
				ENABLE_NS_ASSERTIONS = NO;
				ENABLE_STRICT_OBJC_MSGSEND = YES;
				ENABLE_USER_SCRIPT_SANDBOXING = YES;
				GCC_C_LANGUAGE_STANDARD = gnu17;
				GCC_NO_COMMON_BLOCKS = YES;
				GCC_WARN_64_TO_32_BIT_CONVERSION = YES;
				GCC_WARN_ABOUT_RETURN_TYPE = YES_ERROR;
				GCC_WARN_UNDECLARED_SELECTOR = YES;
				GCC_WARN_UNINITIALIZED_AUTOS = YES_AGGRESSIVE;
				GCC_WARN_UNUSED_FUNCTION = YES;
				GCC_WARN_UNUSED_VARIABLE = YES;
				IPHONEOS_DEPLOYMENT_TARGET = 17.0;
				LOCALIZATION_PREFERS_STRING_CATALOGS = YES;
				MTL_ENABLE_DEBUG_INFO = NO;
				MTL_FAST_MATH = YES;
				SDKROOT = iphoneos;
				SWIFT_COMPILATION_MODE = wholemodule;
				VALIDATE_PRODUCT = YES;
			};
			name = Release;
		};
		8346B98E2B72B2C90021A40D /* Debug */ = {
			isa = XCBuildConfiguration;
			buildSettings = {
				ASSETCATALOG_COMPILER_APPICON_NAME = AppIcon;
				ASSETCATALOG_COMPILER_GLOBAL_ACCENT_COLOR_NAME = AccentColor;
				CODE_SIGN_STYLE = Automatic;
				CURRENT_PROJECT_VERSION = 1;
				DEVELOPMENT_TEAM = ACB3S45S75;
				GENERATE_INFOPLIST_FILE = YES;
				INFOPLIST_FILE = "RxSwift-Tutorial/SupportingFiles/Info.plist";
				INFOPLIST_KEY_UIApplicationSupportsIndirectInputEvents = YES;
				INFOPLIST_KEY_UILaunchStoryboardName = LaunchScreen;
				INFOPLIST_KEY_UIMainStoryboardFile = Main;
				INFOPLIST_KEY_UISupportedInterfaceOrientations_iPad = "UIInterfaceOrientationPortrait UIInterfaceOrientationPortraitUpsideDown UIInterfaceOrientationLandscapeLeft UIInterfaceOrientationLandscapeRight";
				INFOPLIST_KEY_UISupportedInterfaceOrientations_iPhone = "UIInterfaceOrientationPortrait UIInterfaceOrientationLandscapeLeft UIInterfaceOrientationLandscapeRight";
				LD_RUNPATH_SEARCH_PATHS = (
					"$(inherited)",
					"@executable_path/Frameworks",
				);
				MARKETING_VERSION = 1.0;
				PRODUCT_BUNDLE_IDENTIFIER = "yasarduman.RxSwift-Tutorial";
				PRODUCT_NAME = "$(TARGET_NAME)";
				SWIFT_EMIT_LOC_STRINGS = YES;
				SWIFT_VERSION = 5.0;
				TARGETED_DEVICE_FAMILY = "1,2";
			};
			name = Debug;
		};
		8346B98F2B72B2C90021A40D /* Release */ = {
			isa = XCBuildConfiguration;
			buildSettings = {
				ASSETCATALOG_COMPILER_APPICON_NAME = AppIcon;
				ASSETCATALOG_COMPILER_GLOBAL_ACCENT_COLOR_NAME = AccentColor;
				CODE_SIGN_STYLE = Automatic;
				CURRENT_PROJECT_VERSION = 1;
				DEVELOPMENT_TEAM = ACB3S45S75;
				GENERATE_INFOPLIST_FILE = YES;
				INFOPLIST_FILE = "RxSwift-Tutorial/SupportingFiles/Info.plist";
				INFOPLIST_KEY_UIApplicationSupportsIndirectInputEvents = YES;
				INFOPLIST_KEY_UILaunchStoryboardName = LaunchScreen;
				INFOPLIST_KEY_UIMainStoryboardFile = Main;
				INFOPLIST_KEY_UISupportedInterfaceOrientations_iPad = "UIInterfaceOrientationPortrait UIInterfaceOrientationPortraitUpsideDown UIInterfaceOrientationLandscapeLeft UIInterfaceOrientationLandscapeRight";
				INFOPLIST_KEY_UISupportedInterfaceOrientations_iPhone = "UIInterfaceOrientationPortrait UIInterfaceOrientationLandscapeLeft UIInterfaceOrientationLandscapeRight";
				LD_RUNPATH_SEARCH_PATHS = (
					"$(inherited)",
					"@executable_path/Frameworks",
				);
				MARKETING_VERSION = 1.0;
				PRODUCT_BUNDLE_IDENTIFIER = "yasarduman.RxSwift-Tutorial";
				PRODUCT_NAME = "$(TARGET_NAME)";
				SWIFT_EMIT_LOC_STRINGS = YES;
				SWIFT_VERSION = 5.0;
				TARGETED_DEVICE_FAMILY = "1,2";
			};
			name = Release;
		};
/* End XCBuildConfiguration section */

/* Begin XCConfigurationList section */
		8346B9742B72B2C60021A40D /* Build configuration list for PBXProject "RxSwift-Tutorial" */ = {
			isa = XCConfigurationList;
			buildConfigurations = (
				8346B98B2B72B2C90021A40D /* Debug */,
				8346B98C2B72B2C90021A40D /* Release */,
			);
			defaultConfigurationIsVisible = 0;
			defaultConfigurationName = Release;
		};
		8346B98D2B72B2C90021A40D /* Build configuration list for PBXNativeTarget "RxSwift-Tutorial" */ = {
			isa = XCConfigurationList;
			buildConfigurations = (
				8346B98E2B72B2C90021A40D /* Debug */,
				8346B98F2B72B2C90021A40D /* Release */,
			);
			defaultConfigurationIsVisible = 0;
			defaultConfigurationName = Release;
		};
/* End XCConfigurationList section */

/* Begin XCRemoteSwiftPackageReference section */
		8341A70E2B73964300E1CAAF /* XCRemoteSwiftPackageReference "lottie-ios" */ = {
			isa = XCRemoteSwiftPackageReference;
			repositoryURL = "https://github.com/airbnb/lottie-ios.git";
			requirement = {
				kind = upToNextMajorVersion;
				minimumVersion = 4.4.0;
			};
		};
		8346B9AA2B72C8890021A40D /* XCRemoteSwiftPackageReference "RxSwift" */ = {
			isa = XCRemoteSwiftPackageReference;
			repositoryURL = "https://github.com/ReactiveX/RxSwift.git";
			requirement = {
				kind = upToNextMajorVersion;
				minimumVersion = 6.6.0;
			};
		};
		83B8A0BE2B7410C1000B7AB2 /* XCRemoteSwiftPackageReference "Kingfisher" */ = {
			isa = XCRemoteSwiftPackageReference;
			repositoryURL = "https://github.com/onevcat/Kingfisher";
			requirement = {
				kind = upToNextMajorVersion;
				minimumVersion = 7.10.2;
			};
		};
		83CD35352B7A55AC00C78B54 /* XCRemoteSwiftPackageReference "firebase-ios-sdk" */ = {
			isa = XCRemoteSwiftPackageReference;
			repositoryURL = "https://github.com/firebase/firebase-ios-sdk.git";
			requirement = {
				kind = upToNextMajorVersion;
				minimumVersion = 10.21.0;
			};
		};
/* End XCRemoteSwiftPackageReference section */

/* Begin XCSwiftPackageProductDependency section */
		8341A70F2B73964300E1CAAF /* Lottie */ = {
			isa = XCSwiftPackageProductDependency;
			package = 8341A70E2B73964300E1CAAF /* XCRemoteSwiftPackageReference "lottie-ios" */;
			productName = Lottie;
		};
		8346B9AF2B72C8890021A40D /* RxCocoa */ = {
			isa = XCSwiftPackageProductDependency;
			package = 8346B9AA2B72C8890021A40D /* XCRemoteSwiftPackageReference "RxSwift" */;
			productName = RxCocoa;
		};
		8346B9B62B72C8AB0021A40D /* RxSwift */ = {
			isa = XCSwiftPackageProductDependency;
			package = 8346B9AA2B72C8890021A40D /* XCRemoteSwiftPackageReference "RxSwift" */;
			productName = RxSwift;
		};
		83B8A0BF2B7410C1000B7AB2 /* Kingfisher */ = {
			isa = XCSwiftPackageProductDependency;
			package = 83B8A0BE2B7410C1000B7AB2 /* XCRemoteSwiftPackageReference "Kingfisher" */;
			productName = Kingfisher;
		};
		83CD35402B7A561700C78B54 /* FirebaseAuth */ = {
			isa = XCSwiftPackageProductDependency;
			package = 83CD35352B7A55AC00C78B54 /* XCRemoteSwiftPackageReference "firebase-ios-sdk" */;
			productName = FirebaseAuth;
		};
		83CD35422B7A561700C78B54 /* FirebaseFirestore */ = {
			isa = XCSwiftPackageProductDependency;
			package = 83CD35352B7A55AC00C78B54 /* XCRemoteSwiftPackageReference "firebase-ios-sdk" */;
			productName = FirebaseFirestore;
		};
/* End XCSwiftPackageProductDependency section */
	};
	rootObject = 8346B9712B72B2C60021A40D /* Project object */;
}
